Microsoft Visual Studio Solution File, Format Version 12.00
# Visual Studio Version 17
VisualStudioVersion = 17.5.2.0
MinimumVisualStudioVersion = 10.0.40219.1
Project("{FAE04EC0-301F-11D3-BF4B-00C04F79EFBC}") = "NotesAppCSharp", "NotesAppCSharp.csproj", "{4910B056-C803-C2B1-E18E-CCC8322A9AD8}"
EndProject
Global
	GlobalSection(SolutionConfigurationPlatforms) = preSolution
		Debug|Any CPU = Debug|Any CPU
		Release|Any CPU = Release|Any CPU
	EndGlobalSection
	GlobalSection(ProjectConfigurationPlatforms) = postSolution
		{4910B056-C803-C2B1-E18E-CCC8322A9AD8}.Debug|Any CPU.ActiveCfg = Debug|Any CPU
		{4910B056-C803-C2B1-E18E-CCC8322A9AD8}.Debug|Any CPU.Build.0 = Debug|Any CPU
		{4910B056-C803-C2B1-E18E-CCC8322A9AD8}.Release|Any CPU.ActiveCfg = Release|Any CPU
		{4910B056-C803-C2B1-E18E-CCC8322A9AD8}.Release|Any CPU.Build.0 = Release|Any CPU
	EndGlobalSection
	GlobalSection(SolutionProperties) = preSolution
		HideSolutionNode = FALSE
	EndGlobalSection
	GlobalSection(ExtensibilityGlobals) = postSolution
		SolutionGuid = {8CB7AE8D-319F-4EA2-95F5-C91014860957}
	EndGlobalSection
EndGlobal
